github.com/BurntSushi/toml v0.2.1-0.20160717150709-99064174e013 h1:b3U6YBLKb/l6Z2g3UU9I9qb0E8ae2vqNcA3IZtotoYQ=
github.com/BurntSushi/toml v0.2.1-0.20160717150709-99064174e013/go.mod h1:xHWCNGjB5oqiDr8zfno3MHue2Ht5sIBksp03qcyfWMU=
github.com/Masterminds/goutils v1.1.0 h1:zukEsf/1JZwCMgHiK3GZftabmxiCw4apj3a28RPBiVg=
github.com/Masterminds/goutils v1.1.0/go.mod h1:8cTjp+g8YejhMuvIA5y2vz3BpJxksy863GQaJW2MFNU=
github.com/Masterminds/semver v1.5.0 h1:H65muMkzWKEuNDnfl9d70GUjFniHKHRbFPGBuZ3QEww=
github.com/Masterminds/semver v1.5.0/go.mod h1:MB6lktGJrhw8PrUyiEoblNEGEQ+RzHPF078ddwwvV3Y=
github.com/Masterminds/sprig v2.22.0+incompatible h1:z4yfnGrZ7netVz+0EDJ0Wi+5VZCSYp4Z0m2dk6cEM60=
github.com/Masterminds/sprig v2.22.0+incompatible/go.mod h1:y6hNFY5UBTIWBxnzTeuNhlNS5hqE0NB0E6fgfo2Br3o=
github.com/alecthomas/template v0.0.0-20160405071501-a0175ee3bccc h1:cAKDfWh5VpdgMhJosfJnn5/FoN2SRZ4p7fJNX58YPaU=
github.com/alecthomas/template v0.0.0-20160405071501-a0175ee3bccc/go.mod h1:LOuyumcjzFXgccqObfd/Ljyb9UuFJ6TxHnclSeseNhc=
github.com/alecthomas/units v0.0.0-20151022065526-2efee857e7cf h1:qet1QNfXsQxTZqLG4oE62mJzwPIB8+Tee4RNCL9ulrY=
github.com/alecthomas/units v0.0.0-20151022065526-2efee857e7cf/go.mod h1:ybxpYRFXyAe+OPACYpWeL0wqObRcbAqCMya13uyzqw0=
github.com/aws/aws-sdk-go v1.6.9-0.20161222213112-9a0c8a57d9bb h1:G1/+d2BPA+HveoDkC2/TfsIDIQzY19H+k3Zi4SGePt4=
github.com/aws/aws-sdk-go v1.6.9-0.20161222213112-9a0c8a57d9bb/go.mod h1:ZRmQr0FajVIyZ4ZzBYKG5P3ZqPz9IHG41ZoMu1ADI3k=
github.com/gdamore/encoding v0.0.0-20151215212835-b23993cbb635 h1:hheUEMzaOie/wKeIc1WPa7CDVuIO5hqQxjS+dwTQEnI=
github.com/gdamore/encoding v0.0.0-20151215212835-b23993cbb635/go.mod h1:yrQYJKKDTrHmbYxI7CYi+/hbdiDT2m4Hj+t0ikCjsrQ=
github.com/gdamore/tcell v0.0.0-20161206171916-44772c121bb7 h1:4x5H1Prrxzth1OR1aPh+hKZtfELIr8Kqp+QUpwF3w+I=
github.com/gdamore/tcell v0.0.0-20161206171916-44772c121bb7/go.mod h1:tqyG50u7+Ctv1w5VX67kLzKcj9YXR/JSBZQq/+mLl1A=
github.com/go-ini/ini v1.23.0 h1:oQGKOs+j4vdMCoAx7GALKQkeyhg0Uw4fITkFRG12Wno=
github.com/go-ini/ini v1.23.0/go.mod h1:ByCAeIL28uOIIG0E3PJtZPDL8WnHpFKFOtgjp+3Ies8=
github.com/google/go-cmp v0.4.0/go.mod h1:v8dTdLbMG2kIc/vJvl+f65V22dbkXbowE6jgT/gNBxE=
github.com/google/gofuzz v1.1.0/go.mod h1:dBl0BpW6vV/+mYPU4Po3pmUjxk6FQPldtuIdl/M65Eg=
github.com/google/uuid v1.1.1 h1:Gkbcsh/GbpXz7lPftLA3P6TYMwjCLYm83jiFQZF/3gY=
github.com/google/uuid v1.1.1/go.mod h1:TIyPZe4MgqvfeYDBFedMoGGpEw/LqOeaOT+nhxU+yHo=
github.com/huandu/xstrings v1.3.2 h1:L18LIDzqlW6xN2rEkpdV8+oL/IXWJ1APd+vsdYy4Wdw=
github.com/huandu/xstrings v1.3.2/go.mod h1:y5/lhBue+AyNmUVz9RLU9xbLR0o4KIIExikq4ovT0aE=
github.com/imdario/mergo v0.3.9 h1:UauaLniWCFHWd+Jp9oCEkTBj8VO/9DKg3PV3VCNMDIg=
github.com/imdario/mergo v0.3.9/go.mod h1:2EnlNZ0deacrJVfApfmtdGgDfMuh/nq6Ok1EcJh5FfA=
github.com/jmespath/go-jmespath v0.0.0-20160803190731-bd40a432e4c7 h1:SMvOWPJCES2GdFracYbBQh93GXac8fq7HeN6JnpduB8=
github.com/jmespath/go-jmespath v0.0.0-20160803190731-bd40a432e4c7/go.mod h1:Nht3zPeWKUH0NzdCt2Blrr5ys8VGpn0CEB0cQHVjt7k=
github.com/junegunn/fzf v0.0.0-20161224035307-c7b076400297 h1:CKnwslBRrveBqc7jYzUdrrIe/1VEKVOv1bYPQkRljXE=
github.com/junegunn/fzf v0.0.0-20161224035307-c7b076400297/go.mod h1:CV0NjaAjAHNP15a4QfYzLdWlbvhkcSVqTTXM8NIOHp0=
github.com/junegunn/go-isatty v0.0.0-20160806122752-66b8e73f3f5c h1:y0Evsv2p1YCGRNvxl06Y5RnZgGPy8EhGFbnGyAjQIos=
github.com/junegunn/go-isatty v0.0.0-20160806122752-66b8e73f3f5c/go.mod h1:gQg0nle3Imt465zrx7MNWPeSBv8ja+yt9smsMiUYy2Q=
github.com/junegunn/go-runewidth v0.0.0-20141007004355-63c378b85129 h1:u64QCCSfkTcX6ez2j3q7Rr6OBI/oXsmHx6QL98+nJ+c=
github.com/junegunn/go-runewidth v0.0.0-20141007004355-63c378b85129/go.mod h1:DaVUZy1t0n5gfsn+mgeoSNrlg6cTAaRaOO18TptCtSc=
github.com/junegunn/go-shellwords v0.0.0-20141213150751-35d512af75e2 h1:7IMMNcefgAN4FFZ8hpqd2i4AIaUyQx5bQmyDmdwTT2I=
github.com/junegunn/go-shellwords v0.0.0-20141213150751-35d512af75e2/go.mod h1:bhItQ1UBXSIVoF6yvdrtgA3QV4AFEMNIj+73+/slfcE=
github.com/junegunn/tcell v0.0.0-20161125072621-d4838882df49 h1:k9ltgohLzaUHv/92OdSDgkkIL0MKEkxJHsCf+RYoxUw=
github.com/junegunn/tcell v0.0.0-20161125072621-d4838882df49/go.mod h1:uKvZWXckCow09lvyCEbXAuN2fK7o6GxKB7Nuzga6xsU=
github.com/ktr0731/go-fuzzyfinder v0.2.1 h1:YR9LXobzd9N+RVU9j4ASc0kWktTyJnkTex8Y6TW99f0=
github.com/ktr0731/go-fuzzyfinder v0.2.1/go.mod h1:1BUWoT8siOp5n8ns8S6rtfTVigx/dvPPUJuu79nixgo=
github.com/lucasb-eyer/go-colorful v0.0.0-20160811215958-9c2852a141bf h1:fSDnGkf/QifAz0o3tF4qLijHySYw9Zd2RSvvgUgkJAA=
github.com/lucasb-eyer/go-colorful v0.0.0-20160811215958-9c2852a141bf/go.mod h1:NXg0ArsFk0Y01623LgUqoqcouGDB+PwCCQlrwrG6xJ4=
github.com/mattn/go-runewidth v0.0.2-0.20161012013512-737072b4e32b h1:zGKCShADxSzhD4RVcNFKuaedhqMYyWD54Fg9aV/BvXM=
github.com/mattn/go-runewidth v0.0.2-0.20161012013512-737072b4e32b/go.mod h1:LwmH8dsx7+W8Uxz3IHJYH5QSwggIsqBzpuz5H//U1FU=
github.com/mattn/go-runewidth v0.0.9 h1:Lm995f3rfxdpd6TSmuVCHVb/QhupuXlYr8sCI/QdE+0=
github.com/mattn/go-runewidth v0.0.9/go.mod h1:H031xJmbD/WCDINGzjvQ9THkh0rPKHF+m2gUSrubnMI=
github.com/mitchellh/copystructure v1.0.0 h1:Laisrj+bAB6b/yJwB5Bt3ITZhGJdqmxquMKeZ+mmkFQ=
github.com/mitchellh/copystructure v1.0.0/go.mod h1:SNtv71yrdKgLRyLFxmLdkAbkKEFWgYaq1OVrnRcwhnw=
github.com/mitchellh/go-homedir v0.0.0-20161203194507-b8bc1bf76747 h1:eQox4Rh4ewJF+mqYPxCkmBAirRnPaHEB26UkNuPyjlk=
github.com/mitchellh/go-homedir v0.0.0-20161203194507-b8bc1bf76747/go.mod h1:SfyaCUpYCn1Vlf4IUYiD9fPX4A5wJrkLzIz1N1q0pr0=
github.com/mitchellh/reflectwalk v1.0.0 h1:9D+8oIskB4VJBN5SFlmc27fSlIBZaov1Wpk/IfikLNY=
github.com/mitchellh/reflectwalk v1.0.0/go.mod h1:mSTlrgnPZtwu0c4WaC2kGObEpuNDbx0jmZXqmk4esnw=
github.com/nsf/termbox-go v0.0.0-20200418040025-38ba6e5628f1 h1:lh3PyZvY+B9nFliSGTn5uFuqQQJGuNrD0MLCokv09ag=
github.com/nsf/termbox-go v0.0.0-20200418040025-38ba6e5628f1/go.mod h1:IuKpRQcYE1Tfu+oAQqaLisqDeXgjyyltCfsaoYN18NQ=
github.com/pkg/errors v0.9.1 h1:FEBLx1zS214owpjy7qsBeixbURkuhQAwrK5UwLGTwt4=
github.com/pkg/errors v0.9.1/go.mod h1:bwawxfHBFNV+L2hUp1rHADufV3IMtnDRdf1r5NINEl0=
github.com/solarnz/fzf v0.0.0-20161224081451-ba1433bf3826 h1:TJFYbXSL82vQMxRz0Deh67aV+WSld1Spf/L6+CVG3E8=
github.com/solarnz/fzf v0.0.0-20161224081451-ba1433bf3826/go.mod h1:NWyZIIysR2bWBcxEtLPgLzodn49Jrh/iYwE4FxLwgqc=
golang.org/x/crypto v0.0.0-20190308221718-c2843e01d9a2/go.mod h1:djNgcEr1/C05ACkg1iLfiJU5Ep61QUkGW8qpdssI0+w=
golang.org/x/crypto v0.0.0-20200604202706-70a84ac30bf9 h1:vEg9joUBmeBcK9iSJftGNf3coIG4HqZElCPehJsfAYM=
golang.org/x/crypto v0.0.0-20200604202706-70a84ac30bf9/go.mod h1:LzIPMQfyMNhhGPhUkYOs5KpL4U8rLKemX1yGLhDgUto=
golang.org/x/net v0.0.0-20190404232315-eb5bcb51f2a3/go.mod h1:t9HGtf8HONx5eT2rtn7q6eTqICYqUVnKs3thJo3Qplg=
golang.org/x/sys v0.0.0-20161214190518-d75a52659825 h1:4d9VvrP9mESHxCpAwE1G5e1D8Ybj9v7pX19HkGQV0lk=
golang.org/x/sys v0.0.0-20161214190518-d75a52659825/go.mod h1:STP8DvDyc/dI5b8T5hshtkjS+E42TnysNCUPdjciGhY=
golang.org/x/sys v0.0.0-20190215142949-d0b11bdaac8a/go.mod h1:STP8DvDyc/dI5b8T5hshtkjS+E42TnysNCUPdjciGhY=
golang.org/x/sys v0.0.0-20190412213103-97732733099d/go.mod h1:h1NjWce9XRLGQEsW7wpKNCjG9DtNlClVuFLEZdDNbEs=
golang.org/x/text v0.0.0-20161216064924-a49bea13b776 h1:VwQAlTVMub8B20+3NDFe2gC2ynlNBAGybJ677Zh1z/4=
golang.org/x/text v0.0.0-20161216064924-a49bea13b776/go.mod h1:NqM8EUOU14njkJ3fqMW+pc6Ldnwhi/IjpwHt7yyuwOQ=
golang.org/x/text v0.3.0/go.mod h1:NqM8EUOU14njkJ3fqMW+pc6Ldnwhi/IjpwHt7yyuwOQ=
golang.org/x/xerrors v0.0.0-20191204190536-9bdfabe68543/go.mod h1:I/5z698sn9Ka8TeJc9MKroUUfqBBauWjQqLJ2OPfmY0=
gopkg.in/alecthomas/kingpin.v2 v2.2.3 h1:/L3oK40poPRwke0Ipa6qqf8n+awu60Vl3DMe+3jLDt4=
gopkg.in/alecthomas/kingpin.v2 v2.2.3/go.mod h1:FMv+mEhP44yOT+4EoQTLFTRgOQ1FBLkstjWtayDeSgw=
